// !$*UTF8*$!
{
	archiveVersion = 1;
	classes = {
	};
	objectVersion = 46;
	objects = {

/* Begin PBXBuildFile section */
		D81676331C7994A300954C3E /* main.m in Sources */ = {isa = PBXBuildFile; fileRef = D81676321C7994A300954C3E /* main.m */; };
		D81676361C7994A300954C3E /* AppDelegate.m in Sources */ = {isa = PBXBuildFile; fileRef = D81676351C7994A300954C3E /* AppDelegate.m */; };
		D81676391C7994A300954C3E /* ViewController.m in Sources */ = {isa = PBXBuildFile; fileRef = D81676381C7994A300954C3E /* ViewController.m */; };
		D816763C1C7994A300954C3E /* Main.storyboard in Resources */ = {isa = PBXBuildFile; fileRef = D816763A1C7994A300954C3E /* Main.storyboard */; };
		D816763E1C7994A300954C3E /* Assets.xcassets in Resources */ = {isa = PBXBuildFile; fileRef = D816763D1C7994A300954C3E /* Assets.xcassets */; };
		D81676411C7994A300954C3E /* LaunchScreen.storyboard in Resources */ = {isa = PBXBuildFile; fileRef = D816763F1C7994A300954C3E /* LaunchScreen.storyboard */; };
/* End PBXBuildFile section */

/* Begin PBXFileReference section */
		D816762E1C7994A300954C3E /* 摇一摇.app */ = {isa = PBXFileReference; explicitFileType = wrapper.application; includeInIndex = 0; path = "摇一摇.app"; sourceTree = BUILT_PRODUCTS_DIR; };
		D81676321C7994A300954C3E /* main.m */ = {isa = PBXFileReference; lastKnownFileType = sourcecode.c.objc; path = main.m; sourceTree = "<group>"; };
		D81676341C7994A300954C3E /* AppDelegate.h */ = {isa = PBXFileReference; lastKnownFileType = sourcecode.c.h; path = AppDelegate.h; sourceTree = "<group>"; };
		D81676351C7994A300954C3E /* AppDelegate.m */ = {isa = PBXFileReference; lastKnownFileType = sourcecode.c.objc; path = AppDelegate.m; sourceTree = "<group>"; };
		D81676371C7994A300954C3E /* ViewController.h */ = {isa = PBXFileReference; lastKnownFileType = sourcecode.c.h; path = ViewController.h; sourceTree = "<group>"; };
		D81676381C7994A300954C3E /* ViewController.m */ = {isa = PBXFileReference; lastKnownFileType = sourcecode.c.objc; path = ViewController.m; sourceTree = "<group>"; };
		D816763B1C7994A300954C3E /* Base */ = {isa = PBXFileReference; lastKnownFileType = file.storyboard; name = Base; path = Base.lproj/Main.storyboard; sourceTree = "<group>"; };
		D816763D1C7994A300954C3E /* Assets.xcassets */ = {isa = PBXFileReference; lastKnownFileType = folder.assetcatalog; path = Assets.xcassets; sourceTree = "<group>"; };
		D81676401C7994A300954C3E /* Base */ = {isa = PBXFileReference; lastKnownFileType = file.storyboard; name = Base; path = Base.lproj/LaunchScreen.storyboard; sourceTree = "<group>"; };
		D81676421C7994A300954C3E /* Info.plist */ = {isa = PBXFileReference; lastKnownFileType = text.plist.xml; path = Info.plist; sourceTree = "<group>"; };
/* End PBXFileReference section */

/* Begin PBXFrameworksBuildPhase section */
		D816762B1C7994A300954C3E /* Frameworks */ = {
			isa = PBXFrameworksBuildPhase;
			buildActionMask = 2147483647;
			files = (
			);
			runOnlyForDeploymentPostprocessing = 0;
		};
/* End PBXFrameworksBuildPhase section */

/* Begin PBXGroup section */
		D81676251C7994A300954C3E = {
			isa = PBXGroup;
			children = (
				D81676301C7994A300954C3E /* 摇一摇 */,
				D816762F1C7994A300954C3E /* Products */,
			);
			sourceTree = "<group>";
		};
		D816762F1C7994A300954C3E /* Products */ = {
			isa = PBXGroup;
			children = (
				D816762E1C7994A300954C3E /* 摇一摇.app */,
			);
			name = Products;
			sourceTree = "<group>";
		};
		D81676301C7994A300954C3E /* 摇一摇 */ = {
			isa = PBXGroup;
			children = (
				D81676341C7994A300954C3E /* AppDelegate.h */,
				D81676351C7994A300954C3E /* AppDelegate.m */,
				D81676371C7994A300954C3E /* ViewController.h */,
				D81676381C7994A300954C3E /* ViewController.m */,
				D816763A1C7994A300954C3E /* Main.storyboard */,
				D816763D1C7994A300954C3E /* Assets.xcassets */,
				D816763F1C7994A300954C3E /* LaunchScreen.storyboard */,
				D81676421C7994A300954C3E /* Info.plist */,
				D81676311C7994A300954C3E /* Supporting Files */,
			);
			path = "摇一摇";
			sourceTree = "<group>";
		};
		D81676311C7994A300954C3E /* Supporting Files */ = {
			isa = PBXGroup;
			children = (
				D81676321C7994A300954C3E /* main.m */,
			);
			name = "Supporting Files";
			sourceTree = "<group>";
		};
/* End PBXGroup section */

/* Begin PBXNativeTarget section */
		D816762D1C7994A300954C3E /* 摇一摇 */ = {
			isa = PBXNativeTarget;
			buildConfigurationList = D81676451C7994A300954C3E /* Build configuration list for PBXNativeTarget "摇一摇" */;
			buildPhases = (
				D816762A1C7994A300954C3E /* Sources */,
				D816762B1C7994A300954C3E /* Frameworks */,
				D816762C1C7994A300954C3E /* Resources */,
			);
			buildRules = (
			);
			dependencies = (
			);
			name = "摇一摇";
			productName = "摇一摇";
			productReference = D816762E1C7994A300954C3E /* 摇一摇.app */;
			productType = "com.apple.product-type.application";
		};
/* End PBXNativeTarget section */

/* Begin PBXProject section */
		D81676261C7994A300954C3E /* Project object */ = {
			isa = PBXProject;
			attributes = {
				LastUpgradeCheck = 0720;
				ORGANIZATIONNAME = maliangliang;
				TargetAttributes = {
					D816762D1C7994A300954C3E = {
						CreatedOnToolsVersion = 7.2;
						DevelopmentTeam = C86VDTUA4K;
					};
				};
			};
			buildConfigurationList = D81676291C7994A300954C3E /* Build configuration list for PBXProject "摇一摇" */;
			compatibilityVersion = "Xcode 3.2";
			developmentRegion = English;
			hasScannedForEncodings = 0;
			knownRegions = (
				en,
				Base,
			);
			mainGroup = D81676251C7994A300954C3E;
			productRefGroup = D816762F1C7994A300954C3E /* Products */;
			projectDirPath = "";
			projectRoot = "";
			targets = (
				D816762D1C7994A300954C3E /* 摇一摇 */,
			);
		};
/* End PBXProject section */

/* Begin PBXResourcesBuildPhase section */
		D816762C1C7994A300954C3E /* Resources */ = {
			isa = PBXResourcesBuildPhase;
			buildActionMask = 2147483647;
			files = (
				D81676411C7994A300954C3E /* LaunchScreen.storyboard in Resources */,
				D816763E1C7994A300954C3E /* Assets.xcassets in Resources */,
				D816763C1C7994A300954C3E /* Main.storyboard in Resources */,
			);
			runOnlyForDeploymentPostprocessing = 0;
		};
/* End PBXResourcesBuildPhase section */

/* Begin PBXSourcesBuildPhase section */
		D816762A1C7994A300954C3E /* Sources */ = {
			isa = PBXSourcesBuildPhase;
			buildActionMask = 2147483647;
			files = (
				D81676391C7994A300954C3E /* ViewController.m in Sources */,
				D81676361C7994A300954C3E /* AppDelegate.m in Sources */,
				D81676331C7994A300954C3E /* main.m in Sources */,
			);
			runOnlyForDeploymentPostprocessing = 0;
		};
/* End PBXSourcesBuildPhase section */

/* Begin PBXVariantGroup section */
		D816763A1C7994A300954C3E /* Main.storyboard */ = {
			isa = PBXVariantGroup;
			children = (
				D816763B1C7994A300954C3E /* Base */,
			);
			name = Main.storyboard;
			sourceTree = "<group>";
		};
		D816763F1C7994A300954C3E /* LaunchScreen.storyboard */ = {
			isa = PBXVariantGroup;
			children = (
				D81676401C7994A300954C3E /* Base */,
			);
			name = LaunchScreen.storyboard;
			sourceTree = "<group>";
		};
/* End PBXVariantGroup section */

/* Begin XCBuildConfiguration section */
		D81676431C7994A300954C3E /* Debug */ = {
			isa = XCBuildConfiguration;
			buildSettings = {
				ALWAYS_SEARCH_USER_PATHS = NO;
				CLANG_CXX_LANGUAGE_STANDARD = "gnu++0x";
				CLANG_CXX_LIBRARY = "libc++";
				CLANG_ENABLE_MODULES = YES;
				CLANG_ENABLE_OBJC_ARC = YES;
				CLANG_WARN_BOOL_CONVERSION = YES;
				CLANG_WARN_CONSTANT_CONVERSION = YES;
				CLANG_WARN_DIRECT_OBJC_ISA_USAGE = YES_ERROR;
				CLANG_WARN_EMPTY_BODY = YES;
				CLANG_WARN_ENUM_CONVERSION = YES;
				CLANG_WARN_INT_CONVERSION = YES;
				CLANG_WARN_OBJC_ROOT_CLASS = YES_ERROR;
				CLANG_WARN_UNREACHABLE_CODE = YES;
				CLANG_WARN__DUPLICATE_METHOD_MATCH = YES;
				"CODE_SIGN_IDENTITY[sdk=iphoneos*]" = "iPhone Developer";
				COPY_PHASE_STRIP = NO;
				DEBUG_INFORMATION_FORMAT = dwarf;
				ENABLE_STRICT_OBJC_MSGSEND = YES;
				ENABLE_TESTABILITY = YES;
				GCC_C_LANGUAGE_STANDARD = gnu99;
				GCC_DYNAMIC_NO_PIC = NO;
				GCC_NO_COMMON_BLOCKS = YES;
				GCC_OPTIMIZATION_LEVEL = 0;
				GCC_PREPROCESSOR_DEFINITIONS = (
					"DEBUG=1",
					"$(inherited)",
				);
				GCC_WARN_64_TO_32_BIT_CONVERSION = YES;
				GCC_WARN_ABOUT_RETURN_TYPE = YES_ERROR;
				GCC_WARN_UNDECLARED_SELECTOR = YES;
				GCC_WARN_UNINITIALIZED_AUTOS = YES_AGGRESSIVE;
				GCC_WARN_UNUSED_FUNCTION = YES;
				GCC_WARN_UNUSED_VARIABLE = YES;
				IPHONEOS_DEPLOYMENT_TARGET = 9.2;
				MTL_ENABLE_DEBUG_INFO = YES;
				ONLY_ACTIVE_ARCH = YES;
				SDKROOT = iphoneos;
			};
			name = Debug;
		};
		D81676441C7994A300954C3E /* Release */ = {
			isa = XCBuildConfiguration;
			buildSettings = {
				ALWAYS_SEARCH_USER_PATHS = NO;
				CLANG_CXX_LANGUAGE_STANDARD = "gnu++0x";
				CLANG_CXX_LIBRARY = "libc++";
				CLANG_ENABLE_MODULES = YES;
				CLANG_ENABLE_OBJC_ARC = YES;
				CLANG_WARN_BOOL_CONVERSION = YES;
				CLANG_WARN_CONSTANT_CONVERSION = YES;
				CLANG_WARN_DIRECT_OBJC_ISA_USAGE = YES_ERROR;
				CLANG_WARN_EMPTY_BODY = YES;
				CLANG_WARN_ENUM_CONVERSION = YES;
				CLANG_WARN_INT_CONVERSION = YES;
				CLANG_WARN_OBJC_ROOT_CLASS = YES_ERROR;
				CLANG_WARN_UNREACHABLE_CODE = YES;
				CLANG_WARN__DUPLICATE_METHOD_MATCH = YES;
				"CODE_SIGN_IDENTITY[sdk=iphoneos*]" = "iPhone Developer";
				COPY_PHASE_STRIP = NO;
				DEBUG_INFORMATION_FORMAT = "dwarf-with-dsym";
				ENABLE_NS_ASSERTIONS = NO;
				ENABLE_STRICT_OBJC_MSGSEND = YES;
				GCC_C_LANGUAGE_STANDARD = gnu99;
				GCC_NO_COMMON_BLOCKS = YES;
				GCC_WARN_64_TO_32_BIT_CONVERSION = YES;
				GCC_WARN_ABOUT_RETURN_TYPE = YES_ERROR;
				GCC_WARN_UNDECLARED_SELECTOR = YES;
				GCC_WARN_UNINITIALIZED_AUTOS = YES_AGGRESSIVE;
				GCC_WARN_UNUSED_FUNCTION = YES;
				GCC_WARN_UNUSED_VARIABLE = YES;
				IPHONEOS_DEPLOYMENT_TARGET = 9.2;
				MTL_ENABLE_DEBUG_INFO = NO;
				SDKROOT = iphoneos;
				VALIDATE_PRODUCT = YES;
			};
			name = Release;
		};
		D81676461C7994A300954C3E /* Debug */ = {
			isa = XCBuildConfiguration;
			buildSettings = {
				ASSETCATALOG_COMPILER_APPICON_NAME = AppIcon;
				INFOPLIST_FILE = "摇一摇/Info.plist";
				LD_RUNPATH_SEARCH_PATHS = "$(inherited) @executable_path/Frameworks";
				PRODUCT_BUNDLE_IDENTIFIER = "com.wyzc.---";
				PRODUCT_NAME = "$(TARGET_NAME)";
			};
			name = Debug;
		};
		D81676471C7994A300954C3E /* Release */ = {
			isa = XCBuildConfiguration;
			buildSettings = {
				ASSETCATALOG_COMPILER_APPICON_NAME = AppIcon;
				INFOPLIST_FILE = "摇一摇/Info.plist";
				LD_RUNPATH_SEARCH_PATHS = "$(inherited) @executable_path/Frameworks";
				PRODUCT_BUNDLE_IDENTIFIER = "com.wyzc.---";
				PRODUCT_NAME = "$(TARGET_NAME)";
			};
			name = Release;
		};
/* End XCBuildConfiguration section */

/* Begin XCConfigurationList section */
		D81676291C7994A300954C3E /* Build configuration list for PBXProject "摇一摇" */ = {
			isa = XCConfigurationList;
			buildConfigurations = (
				D81676431C7994A300954C3E /* Debug */,
				D81676441C7994A300954C3E /* Release */,
			);
			defaultConfigurationIsVisible = 0;
			defaultConfigurationName = Release;
		};
		D81676451C7994A300954C3E /* Build configuration list for PBXNativeTarget "摇一摇" */ = {
			isa = XCConfigurationList;
			buildConfigurations = (
				D81676461C7994A300954C3E /* Debug */,
				D81676471C7994A300954C3E /* Release */,
			);
			defaultConfigurationIsVisible = 0;
		};
/* End XCConfigurationList section */
	};
	rootObject = D81676261C7994A300954C3E /* Project object */;
}
